// !$*UTF8*$!
{
	archiveVersion = 1;
	classes = {
	};
	objectVersion = 55;
	objects = {

/* Begin PBXBuildFile section */
		0C16FB79281C78E5000073BF /* XCTestCase+MemoryLeakTracking.swift in Sources */ = {isa = PBXBuildFile; fileRef = 0C16FB78281C78E5000073BF /* XCTestCase+MemoryLeakTracking.swift */; };
		0C16FB8B28269DEF000073BF /* URLSessionHTTPClientTests.swift in Sources */ = {isa = PBXBuildFile; fileRef = 0C16FB8A28269DEF000073BF /* URLSessionHTTPClientTests.swift */; };
		0C16FB8D28269F1F000073BF /* URLSessionHTTPClient.swift in Sources */ = {isa = PBXBuildFile; fileRef = 0C16FB8C28269F1F000073BF /* URLSessionHTTPClient.swift */; };
		0C16FB8F28269FF4000073BF /* SharedTestHelpers.swift in Sources */ = {isa = PBXBuildFile; fileRef = 0C16FB8E28269FF4000073BF /* SharedTestHelpers.swift */; };
		0C84DB29283ECBE6004AE84F /* POIAPIEndToEndTests.swift in Sources */ = {isa = PBXBuildFile; fileRef = 0C84DB28283ECBE6004AE84F /* POIAPIEndToEndTests.swift */; };
		0C84DB2A283ECBE6004AE84F /* POIs.framework in Frameworks */ = {isa = PBXBuildFile; fileRef = 0CDB95682810AB2E00B31971 /* POIs.framework */; };
		0C9BBFA92813397700CC2DF7 /* RemotePOILoader.swift in Sources */ = {isa = PBXBuildFile; fileRef = 0C9BBFA82813397700CC2DF7 /* RemotePOILoader.swift */; };
		0C9BBFAB281340CF00CC2DF7 /* HTTPClient.swift in Sources */ = {isa = PBXBuildFile; fileRef = 0C9BBFAA281340CE00CC2DF7 /* HTTPClient.swift */; };
		0CDB95712810AB2E00B31971 /* POIs.framework in Frameworks */ = {isa = PBXBuildFile; fileRef = 0CDB95682810AB2E00B31971 /* POIs.framework */; };
		0CDB95762810AB2E00B31971 /* RemotePOILoaderTests.swift in Sources */ = {isa = PBXBuildFile; fileRef = 0CDB95752810AB2E00B31971 /* RemotePOILoaderTests.swift */; };
		0CDB95772810AB2E00B31971 /* POIs.h in Headers */ = {isa = PBXBuildFile; fileRef = 0CDB956B2810AB2E00B31971 /* POIs.h */; settings = {ATTRIBUTES = (Public, ); }; };
		0CDB95832810B2F100B31971 /* POI.swift in Sources */ = {isa = PBXBuildFile; fileRef = 0CDB95822810B2F100B31971 /* POI.swift */; };
		0CDB95852810B37200B31971 /* Coordinates.swift in Sources */ = {isa = PBXBuildFile; fileRef = 0CDB95842810B37200B31971 /* Coordinates.swift */; };
		0CDB95892810B73000B31971 /* POILoader.swift in Sources */ = {isa = PBXBuildFile; fileRef = 0CDB95882810B73000B31971 /* POILoader.swift */; };
		0CE28D39284BAFB000BDB918 /* POIsiOS.framework in Frameworks */ = {isa = PBXBuildFile; fileRef = 0CE28D31284BAFAF00BDB918 /* POIsiOS.framework */; };
		0CE28D3E284BAFB000BDB918 /* POIsViewControllerTests.swift in Sources */ = {isa = PBXBuildFile; fileRef = 0CE28D3D284BAFB000BDB918 /* POIsViewControllerTests.swift */; };
		0CE28D48284BE22600BDB918 /* POIs.framework in Frameworks */ = {isa = PBXBuildFile; fileRef = 0CDB95682810AB2E00B31971 /* POIs.framework */; };
		0CE28D49284BE22600BDB918 /* POIs.framework in Embed Frameworks */ = {isa = PBXBuildFile; fileRef = 0CDB95682810AB2E00B31971 /* POIs.framework */; settings = {ATTRIBUTES = (CodeSignOnCopy, RemoveHeadersOnCopy, ); }; };
		0CE28D50284BE6FD00BDB918 /* POIsViewController.swift in Sources */ = {isa = PBXBuildFile; fileRef = 0CE28D4E284BE6FD00BDB918 /* POIsViewController.swift */; };
		0CE28D51284BE6FD00BDB918 /* POIsViewController.xib in Resources */ = {isa = PBXBuildFile; fileRef = 0CE28D4F284BE6FD00BDB918 /* POIsViewController.xib */; };
		0CE28D52284CAC9800BDB918 /* XCTestCase+MemoryLeakTracking.swift in Sources */ = {isa = PBXBuildFile; fileRef = 0C16FB78281C78E5000073BF /* XCTestCase+MemoryLeakTracking.swift */; };
		0CE28D55284CC22E00BDB918 /* String+URLEscaping.swift in Sources */ = {isa = PBXBuildFile; fileRef = 0CE28D54284CC22E00BDB918 /* String+URLEscaping.swift */; };
/* End PBXBuildFile section */

/* Begin PBXContainerItemProxy section */
		0C84DB2B283ECBE6004AE84F /* PBXContainerItemProxy */ = {
			isa = PBXContainerItemProxy;
			containerPortal = 0CDB955F2810AB2E00B31971 /* Project object */;
			proxyType = 1;
			remoteGlobalIDString = 0CDB95672810AB2E00B31971;
			remoteInfo = POIs;
		};
		0CDB95722810AB2E00B31971 /* PBXContainerItemProxy */ = {
			isa = PBXContainerItemProxy;
			containerPortal = 0CDB955F2810AB2E00B31971 /* Project object */;
			proxyType = 1;
			remoteGlobalIDString = 0CDB95672810AB2E00B31971;
			remoteInfo = POIs;
		};
		0CE28D3A284BAFB000BDB918 /* PBXContainerItemProxy */ = {
			isa = PBXContainerItemProxy;
			containerPortal = 0CDB955F2810AB2E00B31971 /* Project object */;
			proxyType = 1;
			remoteGlobalIDString = 0CE28D30284BAFAF00BDB918;
			remoteInfo = POIsiOS;
		};
		0CE28D4A284BE22600BDB918 /* PBXContainerItemProxy */ = {
			isa = PBXContainerItemProxy;
			containerPortal = 0CDB955F2810AB2E00B31971 /* Project object */;
			proxyType = 1;
			remoteGlobalIDString = 0CDB95672810AB2E00B31971;
			remoteInfo = POIs;
		};
/* End PBXContainerItemProxy section */

/* Begin PBXCopyFilesBuildPhase section */
		0CE28D4C284BE22600BDB918 /* Embed Frameworks */ = {
			isa = PBXCopyFilesBuildPhase;
			buildActionMask = 2147483647;
			dstPath = "";
			dstSubfolderSpec = 10;
			files = (
				0CE28D49284BE22600BDB918 /* POIs.framework in Embed Frameworks */,
			);
			name = "Embed Frameworks";
			runOnlyForDeploymentPostprocessing = 0;
		};
/* End PBXCopyFilesBuildPhase section */

/* Begin PBXFileReference section */
		0C16FB78281C78E5000073BF /* XCTestCase+MemoryLeakTracking.swift */ = {isa = PBXFileReference; lastKnownFileType = sourcecode.swift; path = "XCTestCase+MemoryLeakTracking.swift"; sourceTree = "<group>"; };
		0C16FB8A28269DEF000073BF /* URLSessionHTTPClientTests.swift */ = {isa = PBXFileReference; lastKnownFileType = sourcecode.swift; path = URLSessionHTTPClientTests.swift; sourceTree = "<group>"; };
		0C16FB8C28269F1F000073BF /* URLSessionHTTPClient.swift */ = {isa = PBXFileReference; lastKnownFileType = sourcecode.swift; path = URLSessionHTTPClient.swift; sourceTree = "<group>"; };
		0C16FB8E28269FF4000073BF /* SharedTestHelpers.swift */ = {isa = PBXFileReference; lastKnownFileType = sourcecode.swift; path = SharedTestHelpers.swift; sourceTree = "<group>"; };
		0C84DB26283ECBE6004AE84F /* POIAPIEndToEndTests.xctest */ = {isa = PBXFileReference; explicitFileType = wrapper.cfbundle; includeInIndex = 0; path = POIAPIEndToEndTests.xctest; sourceTree = BUILT_PRODUCTS_DIR; };
		0C84DB28283ECBE6004AE84F /* POIAPIEndToEndTests.swift */ = {isa = PBXFileReference; lastKnownFileType = sourcecode.swift; path = POIAPIEndToEndTests.swift; sourceTree = "<group>"; };
		0C9BBFA82813397700CC2DF7 /* RemotePOILoader.swift */ = {isa = PBXFileReference; lastKnownFileType = sourcecode.swift; path = RemotePOILoader.swift; sourceTree = "<group>"; };
		0C9BBFAA281340CE00CC2DF7 /* HTTPClient.swift */ = {isa = PBXFileReference; lastKnownFileType = sourcecode.swift; path = HTTPClient.swift; sourceTree = "<group>"; };
		0CDB95682810AB2E00B31971 /* POIs.framework */ = {isa = PBXFileReference; explicitFileType = wrapper.framework; includeInIndex = 0; path = POIs.framework; sourceTree = BUILT_PRODUCTS_DIR; };
		0CDB956B2810AB2E00B31971 /* POIs.h */ = {isa = PBXFileReference; lastKnownFileType = sourcecode.c.h; path = POIs.h; sourceTree = "<group>"; };
		0CDB95702810AB2E00B31971 /* POIsTests.xctest */ = {isa = PBXFileReference; explicitFileType = wrapper.cfbundle; includeInIndex = 0; path = POIsTests.xctest; sourceTree = BUILT_PRODUCTS_DIR; };
		0CDB95752810AB2E00B31971 /* RemotePOILoaderTests.swift */ = {isa = PBXFileReference; lastKnownFileType = sourcecode.swift; path = RemotePOILoaderTests.swift; sourceTree = "<group>"; };
		0CDB95822810B2F100B31971 /* POI.swift */ = {isa = PBXFileReference; lastKnownFileType = sourcecode.swift; path = POI.swift; sourceTree = "<group>"; };
		0CDB95842810B37200B31971 /* Coordinates.swift */ = {isa = PBXFileReference; lastKnownFileType = sourcecode.swift; path = Coordinates.swift; sourceTree = "<group>"; };
		0CDB95882810B73000B31971 /* POILoader.swift */ = {isa = PBXFileReference; lastKnownFileType = sourcecode.swift; path = POILoader.swift; sourceTree = "<group>"; };
		0CE28D31284BAFAF00BDB918 /* POIsiOS.framework */ = {isa = PBXFileReference; explicitFileType = wrapper.framework; includeInIndex = 0; path = POIsiOS.framework; sourceTree = BUILT_PRODUCTS_DIR; };
		0CE28D38284BAFB000BDB918 /* POIsiOSTests.xctest */ = {isa = PBXFileReference; explicitFileType = wrapper.cfbundle; includeInIndex = 0; path = POIsiOSTests.xctest; sourceTree = BUILT_PRODUCTS_DIR; };
		0CE28D3D284BAFB000BDB918 /* POIsViewControllerTests.swift */ = {isa = PBXFileReference; lastKnownFileType = sourcecode.swift; path = POIsViewControllerTests.swift; sourceTree = "<group>"; };
		0CE28D4E284BE6FD00BDB918 /* POIsViewController.swift */ = {isa = PBXFileReference; lastKnownFileType = sourcecode.swift; path = POIsViewController.swift; sourceTree = "<group>"; };
		0CE28D4F284BE6FD00BDB918 /* POIsViewController.xib */ = {isa = PBXFileReference; lastKnownFileType = file.xib; path = POIsViewController.xib; sourceTree = "<group>"; };
		0CE28D54284CC22E00BDB918 /* String+URLEscaping.swift */ = {isa = PBXFileReference; lastKnownFileType = sourcecode.swift; path = "String+URLEscaping.swift"; sourceTree = "<group>"; };
/* End PBXFileReference section */

/* Begin PBXFrameworksBuildPhase section */
		0C84DB23283ECBE6004AE84F /* Frameworks */ = {
			isa = PBXFrameworksBuildPhase;
			buildActionMask = 2147483647;
			files = (
				0C84DB2A283ECBE6004AE84F /* POIs.framework in Frameworks */,
			);
			runOnlyForDeploymentPostprocessing = 0;
		};
		0CDB95652810AB2E00B31971 /* Frameworks */ = {
			isa = PBXFrameworksBuildPhase;
			buildActionMask = 2147483647;
			files = (
			);
			runOnlyForDeploymentPostprocessing = 0;
		};
		0CDB956D2810AB2E00B31971 /* Frameworks */ = {
			isa = PBXFrameworksBuildPhase;
			buildActionMask = 2147483647;
			files = (
				0CDB95712810AB2E00B31971 /* POIs.framework in Frameworks */,
			);
			runOnlyForDeploymentPostprocessing = 0;
		};
		0CE28D2E284BAFAF00BDB918 /* Frameworks */ = {
			isa = PBXFrameworksBuildPhase;
			buildActionMask = 2147483647;
			files = (
				0CE28D48284BE22600BDB918 /* POIs.framework in Frameworks */,
			);
			runOnlyForDeploymentPostprocessing = 0;
		};
		0CE28D35284BAFB000BDB918 /* Frameworks */ = {
			isa = PBXFrameworksBuildPhase;
			buildActionMask = 2147483647;
			files = (
				0CE28D39284BAFB000BDB918 /* POIsiOS.framework in Frameworks */,
			);
			runOnlyForDeploymentPostprocessing = 0;
		};
/* End PBXFrameworksBuildPhase section */

/* Begin PBXGroup section */
		0C16FB77281C78C7000073BF /* Helpers */ = {
			isa = PBXGroup;
			children = (
				0C16FB78281C78E5000073BF /* XCTestCase+MemoryLeakTracking.swift */,
				0C16FB8E28269FF4000073BF /* SharedTestHelpers.swift */,
			);
			path = Helpers;
			sourceTree = "<group>";
		};
		0C16FB8728269D67000073BF /* HTTPClient */ = {
			isa = PBXGroup;
			children = (
				0C9BBFAA281340CE00CC2DF7 /* HTTPClient.swift */,
				0C16FB8C28269F1F000073BF /* URLSessionHTTPClient.swift */,
			);
			path = HTTPClient;
			sourceTree = "<group>";
		};
		0C16FB8828269D94000073BF /* POI Loader */ = {
			isa = PBXGroup;
			children = (
				0CDB95752810AB2E00B31971 /* RemotePOILoaderTests.swift */,
			);
			path = "POI Loader";
			sourceTree = "<group>";
		};
		0C16FB8928269DB9000073BF /* POI API */ = {
			isa = PBXGroup;
			children = (
				0C16FB8A28269DEF000073BF /* URLSessionHTTPClientTests.swift */,
			);
			path = "POI API";
			sourceTree = "<group>";
		};
		0C84DB27283ECBE6004AE84F /* POIAPIEndToEndTests */ = {
			isa = PBXGroup;
			children = (
				0C84DB28283ECBE6004AE84F /* POIAPIEndToEndTests.swift */,
			);
			path = POIAPIEndToEndTests;
			sourceTree = "<group>";
		};
		0C9BBFA72813395500CC2DF7 /* POI API */ = {
			isa = PBXGroup;
			children = (
				0C16FB8728269D67000073BF /* HTTPClient */,
				0C9BBFA82813397700CC2DF7 /* RemotePOILoader.swift */,
			);
			path = "POI API";
			sourceTree = "<group>";
		};
		0CDB955E2810AB2E00B31971 = {
			isa = PBXGroup;
			children = (
				0CDB956A2810AB2E00B31971 /* POIs */,
				0CDB95742810AB2E00B31971 /* POIsTests */,
				0C84DB27283ECBE6004AE84F /* POIAPIEndToEndTests */,
				0CE28D32284BAFAF00BDB918 /* POIsiOS */,
				0CE28D3C284BAFB000BDB918 /* POIsiOSTests */,
				0CDB95692810AB2E00B31971 /* Products */,
				0CE28D47284BE22600BDB918 /* Frameworks */,
			);
			sourceTree = "<group>";
		};
		0CDB95692810AB2E00B31971 /* Products */ = {
			isa = PBXGroup;
			children = (
				0CDB95682810AB2E00B31971 /* POIs.framework */,
				0CDB95702810AB2E00B31971 /* POIsTests.xctest */,
				0C84DB26283ECBE6004AE84F /* POIAPIEndToEndTests.xctest */,
				0CE28D31284BAFAF00BDB918 /* POIsiOS.framework */,
				0CE28D38284BAFB000BDB918 /* POIsiOSTests.xctest */,
			);
			name = Products;
			sourceTree = "<group>";
		};
		0CDB956A2810AB2E00B31971 /* POIs */ = {
			isa = PBXGroup;
			children = (
				0CE28D53284CC21600BDB918 /* Utils */,
				0C9BBFA72813395500CC2DF7 /* POI API */,
				0CDB95812810B2CE00B31971 /* POIs Feature */,
				0CDB956B2810AB2E00B31971 /* POIs.h */,
			);
			path = POIs;
			sourceTree = "<group>";
		};
		0CDB95742810AB2E00B31971 /* POIsTests */ = {
			isa = PBXGroup;
			children = (
				0C16FB8928269DB9000073BF /* POI API */,
				0C16FB8828269D94000073BF /* POI Loader */,
				0C16FB77281C78C7000073BF /* Helpers */,
			);
			path = POIsTests;
			sourceTree = "<group>";
		};
		0CDB95812810B2CE00B31971 /* POIs Feature */ = {
			isa = PBXGroup;
			children = (
				0CDB95822810B2F100B31971 /* POI.swift */,
				0CDB95842810B37200B31971 /* Coordinates.swift */,
				0CDB95882810B73000B31971 /* POILoader.swift */,
			);
			path = "POIs Feature";
			sourceTree = "<group>";
		};
		0CE28D32284BAFAF00BDB918 /* POIsiOS */ = {
			isa = PBXGroup;
			children = (
				0CE28D4D284BE6BA00BDB918 /* POI UI */,
			);
			path = POIsiOS;
			sourceTree = "<group>";
		};
		0CE28D3C284BAFB000BDB918 /* POIsiOSTests */ = {
			isa = PBXGroup;
			children = (
				0CE28D46284BB01C00BDB918 /* POIs UI */,
			);
			path = POIsiOSTests;
			sourceTree = "<group>";
		};
		0CE28D46284BB01C00BDB918 /* POIs UI */ = {
			isa = PBXGroup;
			children = (
				0CE28D3D284BAFB000BDB918 /* POIsViewControllerTests.swift */,
			);
			path = "POIs UI";
			sourceTree = "<group>";
		};
		0CE28D47284BE22600BDB918 /* Frameworks */ = {
			isa = PBXGroup;
			children = (
			);
			name = Frameworks;
			sourceTree = "<group>";
		};
		0CE28D4D284BE6BA00BDB918 /* POI UI */ = {
			isa = PBXGroup;
			children = (
				0CE28D4E284BE6FD00BDB918 /* POIsViewController.swift */,
				0CE28D4F284BE6FD00BDB918 /* POIsViewController.xib */,
			);
			path = "POI UI";
			sourceTree = "<group>";
		};
		0CE28D53284CC21600BDB918 /* Utils */ = {
			isa = PBXGroup;
			children = (
				0CE28D54284CC22E00BDB918 /* String+URLEscaping.swift */,
			);
			path = Utils;
			sourceTree = "<group>";
		};
/* End PBXGroup section */

/* Begin PBXHeadersBuildPhase section */
		0CDB95632810AB2E00B31971 /* Headers */ = {
			isa = PBXHeadersBuildPhase;
			buildActionMask = 2147483647;
			files = (
				0CDB95772810AB2E00B31971 /* POIs.h in Headers */,
			);
			runOnlyForDeploymentPostprocessing = 0;
		};
		0CE28D2C284BAFAF00BDB918 /* Headers */ = {
			isa = PBXHeadersBuildPhase;
			buildActionMask = 2147483647;
			files = (
			);
			runOnlyForDeploymentPostprocessing = 0;
		};
/* End PBXHeadersBuildPhase section */

/* Begin PBXNativeTarget section */
		0C84DB25283ECBE6004AE84F /* POIAPIEndToEndTests */ = {
			isa = PBXNativeTarget;
			buildConfigurationList = 0C84DB2F283ECBE6004AE84F /* Build configuration list for PBXNativeTarget "POIAPIEndToEndTests" */;
			buildPhases = (
				0C84DB22283ECBE6004AE84F /* Sources */,
				0C84DB23283ECBE6004AE84F /* Frameworks */,
				0C84DB24283ECBE6004AE84F /* Resources */,
			);
			buildRules = (
			);
			dependencies = (
				0C84DB2C283ECBE6004AE84F /* PBXTargetDependency */,
			);
			name = POIAPIEndToEndTests;
			productName = POIAPIEndToEndTests;
			productReference = 0C84DB26283ECBE6004AE84F /* POIAPIEndToEndTests.xctest */;
			productType = "com.apple.product-type.bundle.unit-test";
		};
		0CDB95672810AB2E00B31971 /* POIs */ = {
			isa = PBXNativeTarget;
			buildConfigurationList = 0CDB957A2810AB2E00B31971 /* Build configuration list for PBXNativeTarget "POIs" */;
			buildPhases = (
				0CDB95632810AB2E00B31971 /* Headers */,
				0CDB95642810AB2E00B31971 /* Sources */,
				0CDB95652810AB2E00B31971 /* Frameworks */,
				0CDB95662810AB2E00B31971 /* Resources */,
			);
			buildRules = (
			);
			dependencies = (
			);
			name = POIs;
			productName = POIs;
			productReference = 0CDB95682810AB2E00B31971 /* POIs.framework */;
			productType = "com.apple.product-type.framework";
		};
		0CDB956F2810AB2E00B31971 /* POIsTests */ = {
			isa = PBXNativeTarget;
			buildConfigurationList = 0CDB957D2810AB2E00B31971 /* Build configuration list for PBXNativeTarget "POIsTests" */;
			buildPhases = (
				0CDB956C2810AB2E00B31971 /* Sources */,
				0CDB956D2810AB2E00B31971 /* Frameworks */,
				0CDB956E2810AB2E00B31971 /* Resources */,
			);
			buildRules = (
			);
			dependencies = (
				0CDB95732810AB2E00B31971 /* PBXTargetDependency */,
			);
			name = POIsTests;
			productName = POIsTests;
			productReference = 0CDB95702810AB2E00B31971 /* POIsTests.xctest */;
			productType = "com.apple.product-type.bundle.unit-test";
		};
		0CE28D30284BAFAF00BDB918 /* POIsiOS */ = {
			isa = PBXNativeTarget;
			buildConfigurationList = 0CE28D44284BAFB000BDB918 /* Build configuration list for PBXNativeTarget "POIsiOS" */;
			buildPhases = (
				0CE28D2C284BAFAF00BDB918 /* Headers */,
				0CE28D2D284BAFAF00BDB918 /* Sources */,
				0CE28D2E284BAFAF00BDB918 /* Frameworks */,
				0CE28D2F284BAFAF00BDB918 /* Resources */,
				0CE28D4C284BE22600BDB918 /* Embed Frameworks */,
			);
			buildRules = (
			);
			dependencies = (
				0CE28D4B284BE22600BDB918 /* PBXTargetDependency */,
			);
			name = POIsiOS;
			productName = POIsiOS;
			productReference = 0CE28D31284BAFAF00BDB918 /* POIsiOS.framework */;
			productType = "com.apple.product-type.framework";
		};
		0CE28D37284BAFB000BDB918 /* POIsiOSTests */ = {
			isa = PBXNativeTarget;
			buildConfigurationList = 0CE28D45284BAFB000BDB918 /* Build configuration list for PBXNativeTarget "POIsiOSTests" */;
			buildPhases = (
				0CE28D34284BAFB000BDB918 /* Sources */,
				0CE28D35284BAFB000BDB918 /* Frameworks */,
				0CE28D36284BAFB000BDB918 /* Resources */,
			);
			buildRules = (
			);
			dependencies = (
				0CE28D3B284BAFB000BDB918 /* PBXTargetDependency */,
			);
			name = POIsiOSTests;
			productName = POIsiOSTests;
			productReference = 0CE28D38284BAFB000BDB918 /* POIsiOSTests.xctest */;
			productType = "com.apple.product-type.bundle.unit-test";
		};
/* End PBXNativeTarget section */

/* Begin PBXProject section */
		0CDB955F2810AB2E00B31971 /* Project object */ = {
			isa = PBXProject;
			attributes = {
				BuildIndependentTargetsInParallel = 1;
				LastSwiftUpdateCheck = 1330;
				LastUpgradeCheck = 1320;
				TargetAttributes = {
					0C84DB25283ECBE6004AE84F = {
						CreatedOnToolsVersion = 13.3.1;
					};
					0CDB95672810AB2E00B31971 = {
						CreatedOnToolsVersion = 13.2.1;
						LastSwiftMigration = 1320;
					};
					0CDB956F2810AB2E00B31971 = {
						CreatedOnToolsVersion = 13.2.1;
					};
					0CE28D30284BAFAF00BDB918 = {
						CreatedOnToolsVersion = 13.3.1;
						LastSwiftMigration = 1330;
					};
					0CE28D37284BAFB000BDB918 = {
						CreatedOnToolsVersion = 13.3.1;
					};
				};
			};
			buildConfigurationList = 0CDB95622810AB2E00B31971 /* Build configuration list for PBXProject "POIs" */;
			compatibilityVersion = "Xcode 13.0";
			developmentRegion = en;
			hasScannedForEncodings = 0;
			knownRegions = (
				en,
				Base,
			);
			mainGroup = 0CDB955E2810AB2E00B31971;
			productRefGroup = 0CDB95692810AB2E00B31971 /* Products */;
			projectDirPath = "";
			projectRoot = "";
			targets = (
				0CDB95672810AB2E00B31971 /* POIs */,
				0CDB956F2810AB2E00B31971 /* POIsTests */,
				0C84DB25283ECBE6004AE84F /* POIAPIEndToEndTests */,
				0CE28D30284BAFAF00BDB918 /* POIsiOS */,
				0CE28D37284BAFB000BDB918 /* POIsiOSTests */,
			);
		};
/* End PBXProject section */

/* Begin PBXResourcesBuildPhase section */
		0C84DB24283ECBE6004AE84F /* Resources */ = {
			isa = PBXResourcesBuildPhase;
			buildActionMask = 2147483647;
			files = (
			);
			runOnlyForDeploymentPostprocessing = 0;
		};
		0CDB95662810AB2E00B31971 /* Resources */ = {
			isa = PBXResourcesBuildPhase;
			buildActionMask = 2147483647;
			files = (
			);
			runOnlyForDeploymentPostprocessing = 0;
		};
		0CDB956E2810AB2E00B31971 /* Resources */ = {
			isa = PBXResourcesBuildPhase;
			buildActionMask = 2147483647;
			files = (
			);
			runOnlyForDeploymentPostprocessing = 0;
		};
		0CE28D2F284BAFAF00BDB918 /* Resources */ = {
			isa = PBXResourcesBuildPhase;
			buildActionMask = 2147483647;
			files = (
				0CE28D51284BE6FD00BDB918 /* POIsViewController.xib in Resources */,
			);
			runOnlyForDeploymentPostprocessing = 0;
		};
		0CE28D36284BAFB000BDB918 /* Resources */ = {
			isa = PBXResourcesBuildPhase;
			buildActionMask = 2147483647;
			files = (
			);
			runOnlyForDeploymentPostprocessing = 0;
		};
/* End PBXResourcesBuildPhase section */

/* Begin PBXSourcesBuildPhase section */
		0C84DB22283ECBE6004AE84F /* Sources */ = {
			isa = PBXSourcesBuildPhase;
			buildActionMask = 2147483647;
			files = (
				0C84DB29283ECBE6004AE84F /* POIAPIEndToEndTests.swift in Sources */,
			);
			runOnlyForDeploymentPostprocessing = 0;
		};
		0CDB95642810AB2E00B31971 /* Sources */ = {
			isa = PBXSourcesBuildPhase;
			buildActionMask = 2147483647;
			files = (
				0CDB95892810B73000B31971 /* POILoader.swift in Sources */,
				0C9BBFAB281340CF00CC2DF7 /* HTTPClient.swift in Sources */,
				0CDB95832810B2F100B31971 /* POI.swift in Sources */,
				0CDB95852810B37200B31971 /* Coordinates.swift in Sources */,
				0CE28D55284CC22E00BDB918 /* String+URLEscaping.swift in Sources */,
				0C9BBFA92813397700CC2DF7 /* RemotePOILoader.swift in Sources */,
				0C16FB8D28269F1F000073BF /* URLSessionHTTPClient.swift in Sources */,
			);
			runOnlyForDeploymentPostprocessing = 0;
		};
		0CDB956C2810AB2E00B31971 /* Sources */ = {
			isa = PBXSourcesBuildPhase;
			buildActionMask = 2147483647;
			files = (
				0C16FB8F28269FF4000073BF /* SharedTestHelpers.swift in Sources */,
				0CDB95762810AB2E00B31971 /* RemotePOILoaderTests.swift in Sources */,
				0C16FB8B28269DEF000073BF /* URLSessionHTTPClientTests.swift in Sources */,
				0C16FB79281C78E5000073BF /* XCTestCase+MemoryLeakTracking.swift in Sources */,
			);
			runOnlyForDeploymentPostprocessing = 0;
		};
		0CE28D2D284BAFAF00BDB918 /* Sources */ = {
			isa = PBXSourcesBuildPhase;
			buildActionMask = 2147483647;
			files = (
				0CE28D50284BE6FD00BDB918 /* POIsViewController.swift in Sources */,
			);
			runOnlyForDeploymentPostprocessing = 0;
		};
		0CE28D34284BAFB000BDB918 /* Sources */ = {
			isa = PBXSourcesBuildPhase;
			buildActionMask = 2147483647;
			files = (
				0CE28D3E284BAFB000BDB918 /* POIsViewControllerTests.swift in Sources */,
				0CE28D52284CAC9800BDB918 /* XCTestCase+MemoryLeakTracking.swift in Sources */,
			);
			runOnlyForDeploymentPostprocessing = 0;
		};
/* End PBXSourcesBuildPhase section */

/* Begin PBXTargetDependency section */
		0C84DB2C283ECBE6004AE84F /* PBXTargetDependency */ = {
			isa = PBXTargetDependency;
			target = 0CDB95672810AB2E00B31971 /* POIs */;
			targetProxy = 0C84DB2B283ECBE6004AE84F /* PBXContainerItemProxy */;
		};
		0CDB95732810AB2E00B31971 /* PBXTargetDependency */ = {
			isa = PBXTargetDependency;
			target = 0CDB95672810AB2E00B31971 /* POIs */;
			targetProxy = 0CDB95722810AB2E00B31971 /* PBXContainerItemProxy */;
		};
		0CE28D3B284BAFB000BDB918 /* PBXTargetDependency */ = {
			isa = PBXTargetDependency;
			target = 0CE28D30284BAFAF00BDB918 /* POIsiOS */;
			targetProxy = 0CE28D3A284BAFB000BDB918 /* PBXContainerItemProxy */;
		};
		0CE28D4B284BE22600BDB918 /* PBXTargetDependency */ = {
			isa = PBXTargetDependency;
			target = 0CDB95672810AB2E00B31971 /* POIs */;
			targetProxy = 0CE28D4A284BE22600BDB918 /* PBXContainerItemProxy */;
		};
/* End PBXTargetDependency section */

/* Begin XCBuildConfiguration section */
		0C84DB2D283ECBE6004AE84F /* Debug */ = {
			isa = XCBuildConfiguration;
			buildSettings = {
				CODE_SIGN_STYLE = Automatic;
				CURRENT_PROJECT_VERSION = 1;
				GENERATE_INFOPLIST_FILE = YES;
				MARKETING_VERSION = 1.0;
				PRODUCT_BUNDLE_IDENTIFIER = com.fic219.POIAPIEndToEndTests;
				PRODUCT_NAME = "$(TARGET_NAME)";
				SWIFT_EMIT_LOC_STRINGS = NO;
				SWIFT_VERSION = 5.0;
			};
			name = Debug;
		};
		0C84DB2E283ECBE6004AE84F /* Release */ = {
			isa = XCBuildConfiguration;
			buildSettings = {
				CODE_SIGN_STYLE = Automatic;
				CURRENT_PROJECT_VERSION = 1;
				GENERATE_INFOPLIST_FILE = YES;
				MARKETING_VERSION = 1.0;
				PRODUCT_BUNDLE_IDENTIFIER = com.fic219.POIAPIEndToEndTests;
				PRODUCT_NAME = "$(TARGET_NAME)";
				SWIFT_EMIT_LOC_STRINGS = NO;
				SWIFT_VERSION = 5.0;
			};
			name = Release;
		};
		0CDB95782810AB2E00B31971 /* Debug */ = {
			isa = XCBuildConfiguration;
			buildSettings = {
				ALWAYS_SEARCH_USER_PATHS = NO;
				CLANG_ANALYZER_NONNULL = YES;
				CLANG_ANALYZER_NUMBER_OBJECT_CONVERSION = YES_AGGRESSIVE;
				CLANG_CXX_LANGUAGE_STANDARD = "gnu++17";
				CLANG_CXX_LIBRARY = "libc++";
				CLANG_ENABLE_MODULES = YES;
				CLANG_ENABLE_OBJC_ARC = YES;
				CLANG_ENABLE_OBJC_WEAK = YES;
				CLANG_WARN_BLOCK_CAPTURE_AUTORELEASING = YES;
				CLANG_WARN_BOOL_CONVERSION = YES;
				CLANG_WARN_COMMA = YES;
				CLANG_WARN_CONSTANT_CONVERSION = YES;
				CLANG_WARN_DEPRECATED_OBJC_IMPLEMENTATIONS = YES;
				CLANG_WARN_DIRECT_OBJC_ISA_USAGE = YES_ERROR;
				CLANG_WARN_DOCUMENTATION_COMMENTS = YES;
				CLANG_WARN_EMPTY_BODY = YES;
				CLANG_WARN_ENUM_CONVERSION = YES;
				CLANG_WARN_INFINITE_RECURSION = YES;
				CLANG_WARN_INT_CONVERSION = YES;
				CLANG_WARN_NON_LITERAL_NULL_CONVERSION = YES;
				CLANG_WARN_OBJC_IMPLICIT_RETAIN_SELF = YES;
				CLANG_WARN_OBJC_LITERAL_CONVERSION = YES;
				CLANG_WARN_OBJC_ROOT_CLASS = YES_ERROR;
				CLANG_WARN_QUOTED_INCLUDE_IN_FRAMEWORK_HEADER = YES;
				CLANG_WARN_RANGE_LOOP_ANALYSIS = YES;
				CLANG_WARN_STRICT_PROTOTYPES = YES;
				CLANG_WARN_SUSPICIOUS_MOVE = YES;
				CLANG_WARN_UNGUARDED_AVAILABILITY = YES_AGGRESSIVE;
				CLANG_WARN_UNREACHABLE_CODE = YES;
				CLANG_WARN__DUPLICATE_METHOD_MATCH = YES;
				COPY_PHASE_STRIP = NO;
				CURRENT_PROJECT_VERSION = 1;
				DEBUG_INFORMATION_FORMAT = dwarf;
				ENABLE_STRICT_OBJC_MSGSEND = YES;
				ENABLE_TESTABILITY = YES;
				GCC_C_LANGUAGE_STANDARD = gnu11;
				GCC_DYNAMIC_NO_PIC = NO;
				GCC_NO_COMMON_BLOCKS = YES;
				GCC_OPTIMIZATION_LEVEL = 0;
				GCC_PREPROCESSOR_DEFINITIONS = (
					"DEBUG=1",
					"$(inherited)",
				);
				GCC_WARN_64_TO_32_BIT_CONVERSION = YES;
				GCC_WARN_ABOUT_RETURN_TYPE = YES_ERROR;
				GCC_WARN_UNDECLARED_SELECTOR = YES;
				GCC_WARN_UNINITIALIZED_AUTOS = YES_AGGRESSIVE;
				GCC_WARN_UNUSED_FUNCTION = YES;
				GCC_WARN_UNUSED_VARIABLE = YES;
				MACOSX_DEPLOYMENT_TARGET = 12.0;
				MTL_ENABLE_DEBUG_INFO = INCLUDE_SOURCE;
				MTL_FAST_MATH = YES;
				ONLY_ACTIVE_ARCH = YES;
				SDKROOT = macosx;
				SWIFT_ACTIVE_COMPILATION_CONDITIONS = DEBUG;
				SWIFT_OPTIMIZATION_LEVEL = "-Onone";
				VERSIONING_SYSTEM = "apple-generic";
				VERSION_INFO_PREFIX = "";
			};
			name = Debug;
		};
		0CDB95792810AB2E00B31971 /* Release */ = {
			isa = XCBuildConfiguration;
			buildSettings = {
				ALWAYS_SEARCH_USER_PATHS = NO;
				CLANG_ANALYZER_NONNULL = YES;
				CLANG_ANALYZER_NUMBER_OBJECT_CONVERSION = YES_AGGRESSIVE;
				CLANG_CXX_LANGUAGE_STANDARD = "gnu++17";
				CLANG_CXX_LIBRARY = "libc++";
				CLANG_ENABLE_MODULES = YES;
				CLANG_ENABLE_OBJC_ARC = YES;
				CLANG_ENABLE_OBJC_WEAK = YES;
				CLANG_WARN_BLOCK_CAPTURE_AUTORELEASING = YES;
				CLANG_WARN_BOOL_CONVERSION = YES;
				CLANG_WARN_COMMA = YES;
				CLANG_WARN_CONSTANT_CONVERSION = YES;
				CLANG_WARN_DEPRECATED_OBJC_IMPLEMENTATIONS = YES;
				CLANG_WARN_DIRECT_OBJC_ISA_USAGE = YES_ERROR;
				CLANG_WARN_DOCUMENTATION_COMMENTS = YES;
				CLANG_WARN_EMPTY_BODY = YES;
				CLANG_WARN_ENUM_CONVERSION = YES;
				CLANG_WARN_INFINITE_RECURSION = YES;
				CLANG_WARN_INT_CONVERSION = YES;
				CLANG_WARN_NON_LITERAL_NULL_CONVERSION = YES;
				CLANG_WARN_OBJC_IMPLICIT_RETAIN_SELF = YES;
				CLANG_WARN_OBJC_LITERAL_CONVERSION = YES;
				CLANG_WARN_OBJC_ROOT_CLASS = YES_ERROR;
				CLANG_WARN_QUOTED_INCLUDE_IN_FRAMEWORK_HEADER = YES;
				CLANG_WARN_RANGE_LOOP_ANALYSIS = YES;
				CLANG_WARN_STRICT_PROTOTYPES = YES;
				CLANG_WARN_SUSPICIOUS_MOVE = YES;
				CLANG_WARN_UNGUARDED_AVAILABILITY = YES_AGGRESSIVE;
				CLANG_WARN_UNREACHABLE_CODE = YES;
				CLANG_WARN__DUPLICATE_METHOD_MATCH = YES;
				COPY_PHASE_STRIP = NO;
				CURRENT_PROJECT_VERSION = 1;
				DEBUG_INFORMATION_FORMAT = "dwarf-with-dsym";
				ENABLE_NS_ASSERTIONS = NO;
				ENABLE_STRICT_OBJC_MSGSEND = YES;
				GCC_C_LANGUAGE_STANDARD = gnu11;
				GCC_NO_COMMON_BLOCKS = YES;
				GCC_WARN_64_TO_32_BIT_CONVERSION = YES;
				GCC_WARN_ABOUT_RETURN_TYPE = YES_ERROR;
				GCC_WARN_UNDECLARED_SELECTOR = YES;
				GCC_WARN_UNINITIALIZED_AUTOS = YES_AGGRESSIVE;
				GCC_WARN_UNUSED_FUNCTION = YES;
				GCC_WARN_UNUSED_VARIABLE = YES;
				MACOSX_DEPLOYMENT_TARGET = 12.0;
				MTL_ENABLE_DEBUG_INFO = NO;
				MTL_FAST_MATH = YES;
				SDKROOT = macosx;
				SWIFT_COMPILATION_MODE = wholemodule;
				SWIFT_OPTIMIZATION_LEVEL = "-O";
				VERSIONING_SYSTEM = "apple-generic";
				VERSION_INFO_PREFIX = "";
			};
			name = Release;
		};
		0CDB957B2810AB2E00B31971 /* Debug */ = {
			isa = XCBuildConfiguration;
			buildSettings = {
				CLANG_ENABLE_MODULES = YES;
				CODE_SIGN_STYLE = Automatic;
				COMBINE_HIDPI_IMAGES = YES;
				CURRENT_PROJECT_VERSION = 1;
				DEFINES_MODULE = YES;
				DYLIB_COMPATIBILITY_VERSION = 1;
				DYLIB_CURRENT_VERSION = 1;
				DYLIB_INSTALL_NAME_BASE = "@rpath";
				GENERATE_INFOPLIST_FILE = YES;
				INFOPLIST_KEY_NSHumanReadableCopyright = "";
				INSTALL_PATH = "$(LOCAL_LIBRARY_DIR)/Frameworks";
				LD_RUNPATH_SEARCH_PATHS = (
					"$(inherited)",
					"@executable_path/../Frameworks",
					"@loader_path/Frameworks",
				);
				MARKETING_VERSION = 1.0;
				PRODUCT_BUNDLE_IDENTIFIER = com.fic219.POIs;
				PRODUCT_NAME = "$(TARGET_NAME:c99extidentifier)";
				SKIP_INSTALL = YES;
				SUPPORTED_PLATFORMS = "macosx iphonesimulator iphoneos";
				SWIFT_EMIT_LOC_STRINGS = YES;
				SWIFT_OPTIMIZATION_LEVEL = "-Onone";
				SWIFT_VERSION = 5.0;
			};
			name = Debug;
		};
		0CDB957C2810AB2E00B31971 /* Release */ = {
			isa = XCBuildConfiguration;
			buildSettings = {
				CLANG_ENABLE_MODULES = YES;
				CODE_SIGN_STYLE = Automatic;
				COMBINE_HIDPI_IMAGES = YES;
				CURRENT_PROJECT_VERSION = 1;
				DEFINES_MODULE = YES;
				DYLIB_COMPATIBILITY_VERSION = 1;
				DYLIB_CURRENT_VERSION = 1;
				DYLIB_INSTALL_NAME_BASE = "@rpath";
				GENERATE_INFOPLIST_FILE = YES;
				INFOPLIST_KEY_NSHumanReadableCopyright = "";
				INSTALL_PATH = "$(LOCAL_LIBRARY_DIR)/Frameworks";
				LD_RUNPATH_SEARCH_PATHS = (
					"$(inherited)",
					"@executable_path/../Frameworks",
					"@loader_path/Frameworks",
				);
				MARKETING_VERSION = 1.0;
				PRODUCT_BUNDLE_IDENTIFIER = com.fic219.POIs;
				PRODUCT_NAME = "$(TARGET_NAME:c99extidentifier)";
				SKIP_INSTALL = YES;
				SUPPORTED_PLATFORMS = "macosx iphonesimulator iphoneos";
				SWIFT_EMIT_LOC_STRINGS = YES;
				SWIFT_VERSION = 5.0;
			};
			name = Release;
		};
		0CDB957E2810AB2E00B31971 /* Debug */ = {
			isa = XCBuildConfiguration;
			buildSettings = {
				ALWAYS_EMBED_SWIFT_STANDARD_LIBRARIES = YES;
				CODE_SIGN_STYLE = Automatic;
				CURRENT_PROJECT_VERSION = 1;
				GENERATE_INFOPLIST_FILE = YES;
				MARKETING_VERSION = 1.0;
				PRODUCT_BUNDLE_IDENTIFIER = com.fic219.POIsTests;
				PRODUCT_NAME = "$(TARGET_NAME)";
				SWIFT_EMIT_LOC_STRINGS = NO;
				SWIFT_VERSION = 5.0;
			};
			name = Debug;
		};
		0CDB957F2810AB2E00B31971 /* Release */ = {
			isa = XCBuildConfiguration;
			buildSettings = {
				ALWAYS_EMBED_SWIFT_STANDARD_LIBRARIES = YES;
				CODE_SIGN_STYLE = Automatic;
				CURRENT_PROJECT_VERSION = 1;
				GENERATE_INFOPLIST_FILE = YES;
				MARKETING_VERSION = 1.0;
				PRODUCT_BUNDLE_IDENTIFIER = com.fic219.POIsTests;
				PRODUCT_NAME = "$(TARGET_NAME)";
				SWIFT_EMIT_LOC_STRINGS = NO;
				SWIFT_VERSION = 5.0;
			};
			name = Release;
		};
		0CE28D40284BAFB000BDB918 /* Debug */ = {
			isa = XCBuildConfiguration;
			buildSettings = {
				CLANG_ENABLE_MODULES = YES;
				CODE_SIGN_STYLE = Automatic;
				CURRENT_PROJECT_VERSION = 1;
				DEFINES_MODULE = YES;
				DYLIB_COMPATIBILITY_VERSION = 1;
				DYLIB_CURRENT_VERSION = 1;
				DYLIB_INSTALL_NAME_BASE = "@rpath";
				GENERATE_INFOPLIST_FILE = YES;
				INFOPLIST_KEY_NSHumanReadableCopyright = "";
				INSTALL_PATH = "$(LOCAL_LIBRARY_DIR)/Frameworks";
				IPHONEOS_DEPLOYMENT_TARGET = 15.4;
				LD_RUNPATH_SEARCH_PATHS = (
					"$(inherited)",
					"@executable_path/Frameworks",
					"@loader_path/Frameworks",
				);
				MARKETING_VERSION = 1.0;
				PRODUCT_BUNDLE_IDENTIFIER = com.fic219.POIsiOS;
				PRODUCT_NAME = "$(TARGET_NAME:c99extidentifier)";
				SDKROOT = iphoneos;
				SKIP_INSTALL = YES;
				SWIFT_EMIT_LOC_STRINGS = YES;
				SWIFT_OPTIMIZATION_LEVEL = "-Onone";
				SWIFT_VERSION = 5.0;
				TARGETED_DEVICE_FAMILY = "1,2";
			};
			name = Debug;
		};
		0CE28D41284BAFB000BDB918 /* Release */ = {
			isa = XCBuildConfiguration;
			buildSettings = {
				CLANG_ENABLE_MODULES = YES;
				CODE_SIGN_STYLE = Automatic;
				CURRENT_PROJECT_VERSION = 1;
				DEFINES_MODULE = YES;
				DYLIB_COMPATIBILITY_VERSION = 1;
				DYLIB_CURRENT_VERSION = 1;
				DYLIB_INSTALL_NAME_BASE = "@rpath";
				GENERATE_INFOPLIST_FILE = YES;
				INFOPLIST_KEY_NSHumanReadableCopyright = "";
				INSTALL_PATH = "$(LOCAL_LIBRARY_DIR)/Frameworks";
				IPHONEOS_DEPLOYMENT_TARGET = 15.4;
				LD_RUNPATH_SEARCH_PATHS = (
					"$(inherited)",
					"@executable_path/Frameworks",
					"@loader_path/Frameworks",
				);
				MARKETING_VERSION = 1.0;
				PRODUCT_BUNDLE_IDENTIFIER = com.fic219.POIsiOS;
				PRODUCT_NAME = "$(TARGET_NAME:c99extidentifier)";
				SDKROOT = iphoneos;
				SKIP_INSTALL = YES;
				SWIFT_EMIT_LOC_STRINGS = YES;
				SWIFT_VERSION = 5.0;
				TARGETED_DEVICE_FAMILY = "1,2";
				VALIDATE_PRODUCT = YES;
			};
			name = Release;
		};
		0CE28D42284BAFB000BDB918 /* Debug */ = {
			isa = XCBuildConfiguration;
			buildSettings = {
				ALWAYS_EMBED_SWIFT_STANDARD_LIBRARIES = YES;
				CODE_SIGN_STYLE = Automatic;
				CURRENT_PROJECT_VERSION = 1;
				GENERATE_INFOPLIST_FILE = YES;
				IPHONEOS_DEPLOYMENT_TARGET = 15.4;
				MARKETING_VERSION = 1.0;
				PRODUCT_BUNDLE_IDENTIFIER = com.fic219.POIsiOSTests;
				PRODUCT_NAME = "$(TARGET_NAME)";
				SDKROOT = iphoneos;
				SWIFT_EMIT_LOC_STRINGS = NO;
				SWIFT_VERSION = 5.0;
				TARGETED_DEVICE_FAMILY = "1,2";
			};
			name = Debug;
		};
		0CE28D43284BAFB000BDB918 /* Release */ = {
			isa = XCBuildConfiguration;
			buildSettings = {
				ALWAYS_EMBED_SWIFT_STANDARD_LIBRARIES = YES;
				CODE_SIGN_STYLE = Automatic;
				CURRENT_PROJECT_VERSION = 1;
				GENERATE_INFOPLIST_FILE = YES;
				IPHONEOS_DEPLOYMENT_TARGET = 15.4;
				MARKETING_VERSION = 1.0;
				PRODUCT_BUNDLE_IDENTIFIER = com.fic219.POIsiOSTests;
				PRODUCT_NAME = "$(TARGET_NAME)";
				SDKROOT = iphoneos;
				SWIFT_EMIT_LOC_STRINGS = NO;
				SWIFT_VERSION = 5.0;
				TARGETED_DEVICE_FAMILY = "1,2";
				VALIDATE_PRODUCT = YES;
			};
			name = Release;
		};
/* End XCBuildConfiguration section */

/* Begin XCConfigurationList section */
		0C84DB2F283ECBE6004AE84F /* Build configuration list for PBXNativeTarget "POIAPIEndToEndTests" */ = {
			isa = XCConfigurationList;
			buildConfigurations = (
				0C84DB2D283ECBE6004AE84F /* Debug */,
				0C84DB2E283ECBE6004AE84F /* Release */,
			);
			defaultConfigurationIsVisible = 0;
			defaultConfigurationName = Release;
		};
		0CDB95622810AB2E00B31971 /* Build configuration list for PBXProject "POIs" */ = {
			isa = XCConfigurationList;
			buildConfigurations = (
				0CDB95782810AB2E00B31971 /* Debug */,
				0CDB95792810AB2E00B31971 /* Release */,
			);
			defaultConfigurationIsVisible = 0;
			defaultConfigurationName = Release;
		};
		0CDB957A2810AB2E00B31971 /* Build configuration list for PBXNativeTarget "POIs" */ = {
			isa = XCConfigurationList;
			buildConfigurations = (
				0CDB957B2810AB2E00B31971 /* Debug */,
				0CDB957C2810AB2E00B31971 /* Release */,
			);
			defaultConfigurationIsVisible = 0;
			defaultConfigurationName = Release;
		};
		0CDB957D2810AB2E00B31971 /* Build configuration list for PBXNativeTarget "POIsTests" */ = {
			isa = XCConfigurationList;
			buildConfigurations = (
				0CDB957E2810AB2E00B31971 /* Debug */,
				0CDB957F2810AB2E00B31971 /* Release */,
			);
			defaultConfigurationIsVisible = 0;
			defaultConfigurationName = Release;
		};
		0CE28D44284BAFB000BDB918 /* Build configuration list for PBXNativeTarget "POIsiOS" */ = {
			isa = XCConfigurationList;
			buildConfigurations = (
				0CE28D40284BAFB000BDB918 /* Debug */,
				0CE28D41284BAFB000BDB918 /* Release */,
			);
			defaultConfigurationIsVisible = 0;
			defaultConfigurationName = Release;
		};
		0CE28D45284BAFB000BDB918 /* Build configuration list for PBXNativeTarget "POIsiOSTests" */ = {
			isa = XCConfigurationList;
			buildConfigurations = (
				0CE28D42284BAFB000BDB918 /* Debug */,
				0CE28D43284BAFB000BDB918 /* Release */,
			);
			defaultConfigurationIsVisible = 0;
			defaultConfigurationName = Release;
		};
/* End XCConfigurationList section */
	};
	rootObject = 0CDB955F2810AB2E00B31971 /* Project object */;
}
